
Microsoft Visual Studio Solution File, Format Version 12.00
# Visual Studio Version 17
VisualStudioVersion = 17.3.32804.467
MinimumVisualStudioVersion = 10.0.40219.1
Project("{9A19103F-16F7-4668-BE54-9A1E7A4F7556}") = "System Library of Integrated Instruction Classes", "System Library of Integrated Instruction Classes\System Library of Integrated Instruction Classes.csproj", "{FF079412-BC20-43C6-A960-1C068A546EB6}"
EndProject
Project("{2150E333-8FDC-42A3-9474-1A3956D46DE8}") = "Solution Items", "Solution Items", "{ED73A411-5EBF-45F2-8A62-EF3FC4D4CD30}"
	ProjectSection(SolutionItems) = preProject
		.editorconfig = .editorconfig
	EndProjectSection
EndProject
Global
	GlobalSection(SolutionConfigurationPlatforms) = preSolution
		Debug|Any CPU = Debug|Any CPU
		Release|Any CPU = Release|Any CPU
	EndGlobalSection
	GlobalSection(ProjectConfigurationPlatforms) = postSolution
		{FF079412-BC20-43C6-A960-1C068A546EB6}.Debug|Any CPU.ActiveCfg = Debug|Any CPU
		{FF079412-BC20-43C6-A960-1C068A546EB6}.Debug|Any CPU.Build.0 = Debug|Any CPU
		{FF079412-BC20-43C6-A960-1C068A546EB6}.Release|Any CPU.ActiveCfg = Release|Any CPU
		{FF079412-BC20-43C6-A960-1C068A546EB6}.Release|Any CPU.Build.0 = Release|Any CPU
	EndGlobalSection
	GlobalSection(SolutionProperties) = preSolution
		HideSolutionNode = FALSE
	EndGlobalSection
	GlobalSection(ExtensibilityGlobals) = postSolution
		SolutionGuid = {F0564B1B-3316-4207-A6CC-09F83AF26199}
	EndGlobalSection
EndGlobal
